// !$*UTF8*$!
{
	archiveVersion = 1;
	classes = {
	};
	objectVersion = 55;
	objects = {

/* Begin PBXBuildFile section */
		84FA3BC52882593400551CE0 /* AppDelegate.swift in Sources */ = {isa = PBXBuildFile; fileRef = 84FA3BC42882593400551CE0 /* AppDelegate.swift */; };
		84FA3BC72882593400551CE0 /* SceneDelegate.swift in Sources */ = {isa = PBXBuildFile; fileRef = 84FA3BC62882593400551CE0 /* SceneDelegate.swift */; };
		84FA3BCC2882593400551CE0 /* Main.storyboard in Resources */ = {isa = PBXBuildFile; fileRef = 84FA3BCA2882593400551CE0 /* Main.storyboard */; };
		84FA3BCE2882593900551CE0 /* Assets.xcassets in Resources */ = {isa = PBXBuildFile; fileRef = 84FA3BCD2882593900551CE0 /* Assets.xcassets */; };
		84FA3BD12882593900551CE0 /* LaunchScreen.storyboard in Resources */ = {isa = PBXBuildFile; fileRef = 84FA3BCF2882593900551CE0 /* LaunchScreen.storyboard */; };
		84FA3BDC2882593A00551CE0 /* RandomColorsTests.swift in Sources */ = {isa = PBXBuildFile; fileRef = 84FA3BDB2882593A00551CE0 /* RandomColorsTests.swift */; };
		84FA3BE62882593A00551CE0 /* RandomColorsUITests.swift in Sources */ = {isa = PBXBuildFile; fileRef = 84FA3BE52882593A00551CE0 /* RandomColorsUITests.swift */; };
		84FA3BE82882593A00551CE0 /* RandomColorsUITestsLaunchTests.swift in Sources */ = {isa = PBXBuildFile; fileRef = 84FA3BE72882593A00551CE0 /* RandomColorsUITestsLaunchTests.swift */; };
		84FA3BF728825EA000551CE0 /* ColorsTableVC.swift in Sources */ = {isa = PBXBuildFile; fileRef = 84FA3BF628825EA000551CE0 /* ColorsTableVC.swift */; };
		84FA3BF92882617600551CE0 /* ColorsDetailsVC.swift in Sources */ = {isa = PBXBuildFile; fileRef = 84FA3BF82882617600551CE0 /* ColorsDetailsVC.swift */; };
		84FE5E3728832EEB0012C334 /* UIColor+Ext.swift in Sources */ = {isa = PBXBuildFile; fileRef = 84FE5E3628832EEB0012C334 /* UIColor+Ext.swift */; };
/* End PBXBuildFile section */

/* Begin PBXContainerItemProxy section */
		84FA3BD82882593A00551CE0 /* PBXContainerItemProxy */ = {
			isa = PBXContainerItemProxy;
			containerPortal = 84FA3BB92882593400551CE0 /* Project object */;
			proxyType = 1;
			remoteGlobalIDString = 84FA3BC02882593400551CE0;
			remoteInfo = RandomColors;
		};
		84FA3BE22882593A00551CE0 /* PBXContainerItemProxy */ = {
			isa = PBXContainerItemProxy;
			containerPortal = 84FA3BB92882593400551CE0 /* Project object */;
			proxyType = 1;
			remoteGlobalIDString = 84FA3BC02882593400551CE0;
			remoteInfo = RandomColors;
		};
/* End PBXContainerItemProxy section */

/* Begin PBXFileReference section */
		84FA3BC12882593400551CE0 /* RandomColors.app */ = {isa = PBXFileReference; explicitFileType = wrapper.application; includeInIndex = 0; path = RandomColors.app; sourceTree = BUILT_PRODUCTS_DIR; };
		84FA3BC42882593400551CE0 /* AppDelegate.swift */ = {isa = PBXFileReference; lastKnownFileType = sourcecode.swift; path = AppDelegate.swift; sourceTree = "<group>"; };
		84FA3BC62882593400551CE0 /* SceneDelegate.swift */ = {isa = PBXFileReference; lastKnownFileType = sourcecode.swift; path = SceneDelegate.swift; sourceTree = "<group>"; };
		84FA3BCB2882593400551CE0 /* Base */ = {isa = PBXFileReference; lastKnownFileType = file.storyboard; name = Base; path = Base.lproj/Main.storyboard; sourceTree = "<group>"; };
		84FA3BCD2882593900551CE0 /* Assets.xcassets */ = {isa = PBXFileReference; lastKnownFileType = folder.assetcatalog; path = Assets.xcassets; sourceTree = "<group>"; };
		84FA3BD02882593900551CE0 /* Base */ = {isa = PBXFileReference; lastKnownFileType = file.storyboard; name = Base; path = Base.lproj/LaunchScreen.storyboard; sourceTree = "<group>"; };
		84FA3BD22882593900551CE0 /* Info.plist */ = {isa = PBXFileReference; lastKnownFileType = text.plist.xml; path = Info.plist; sourceTree = "<group>"; };
		84FA3BD72882593A00551CE0 /* RandomColorsTests.xctest */ = {isa = PBXFileReference; explicitFileType = wrapper.cfbundle; includeInIndex = 0; path = RandomColorsTests.xctest; sourceTree = BUILT_PRODUCTS_DIR; };
		84FA3BDB2882593A00551CE0 /* RandomColorsTests.swift */ = {isa = PBXFileReference; lastKnownFileType = sourcecode.swift; path = RandomColorsTests.swift; sourceTree = "<group>"; };
		84FA3BE12882593A00551CE0 /* RandomColorsUITests.xctest */ = {isa = PBXFileReference; explicitFileType = wrapper.cfbundle; includeInIndex = 0; path = RandomColorsUITests.xctest; sourceTree = BUILT_PRODUCTS_DIR; };
		84FA3BE52882593A00551CE0 /* RandomColorsUITests.swift */ = {isa = PBXFileReference; lastKnownFileType = sourcecode.swift; path = RandomColorsUITests.swift; sourceTree = "<group>"; };
		84FA3BE72882593A00551CE0 /* RandomColorsUITestsLaunchTests.swift */ = {isa = PBXFileReference; lastKnownFileType = sourcecode.swift; path = RandomColorsUITestsLaunchTests.swift; sourceTree = "<group>"; };
		84FA3BF628825EA000551CE0 /* ColorsTableVC.swift */ = {isa = PBXFileReference; lastKnownFileType = sourcecode.swift; path = ColorsTableVC.swift; sourceTree = "<group>"; };
		84FA3BF82882617600551CE0 /* ColorsDetailsVC.swift */ = {isa = PBXFileReference; lastKnownFileType = sourcecode.swift; path = ColorsDetailsVC.swift; sourceTree = "<group>"; };
		84FE5E3628832EEB0012C334 /* UIColor+Ext.swift */ = {isa = PBXFileReference; lastKnownFileType = sourcecode.swift; path = "UIColor+Ext.swift"; sourceTree = "<group>"; };
/* End PBXFileReference section */

/* Begin PBXFrameworksBuildPhase section */
		84FA3BBE2882593400551CE0 /* Frameworks */ = {
			isa = PBXFrameworksBuildPhase;
			buildActionMask = 2147483647;
			files = (
			);
			runOnlyForDeploymentPostprocessing = 0;
		};
		84FA3BD42882593A00551CE0 /* Frameworks */ = {
			isa = PBXFrameworksBuildPhase;
			buildActionMask = 2147483647;
			files = (
			);
			runOnlyForDeploymentPostprocessing = 0;
		};
		84FA3BDE2882593A00551CE0 /* Frameworks */ = {
			isa = PBXFrameworksBuildPhase;
			buildActionMask = 2147483647;
			files = (
			);
			runOnlyForDeploymentPostprocessing = 0;
		};
/* End PBXFrameworksBuildPhase section */

/* Begin PBXGroup section */
		84FA3BB82882593400551CE0 = {
			isa = PBXGroup;
			children = (
				84FA3BC32882593400551CE0 /* RandomColors */,
				84FA3BDA2882593A00551CE0 /* RandomColorsTests */,
				84FA3BE42882593A00551CE0 /* RandomColorsUITests */,
				84FA3BC22882593400551CE0 /* Products */,
			);
			sourceTree = "<group>";
		};
		84FA3BC22882593400551CE0 /* Products */ = {
			isa = PBXGroup;
			children = (
				84FA3BC12882593400551CE0 /* RandomColors.app */,
				84FA3BD72882593A00551CE0 /* RandomColorsTests.xctest */,
				84FA3BE12882593A00551CE0 /* RandomColorsUITests.xctest */,
			);
			name = Products;
			sourceTree = "<group>";
		};
		84FA3BC32882593400551CE0 /* RandomColors */ = {
			isa = PBXGroup;
			children = (
				84FA3BC42882593400551CE0 /* AppDelegate.swift */,
				84FA3BC62882593400551CE0 /* SceneDelegate.swift */,
				84FE5E3628832EEB0012C334 /* UIColor+Ext.swift */,
				84FA3BF628825EA000551CE0 /* ColorsTableVC.swift */,
				84FA3BF82882617600551CE0 /* ColorsDetailsVC.swift */,
				84FA3BCA2882593400551CE0 /* Main.storyboard */,
				84FA3BCD2882593900551CE0 /* Assets.xcassets */,
				84FA3BCF2882593900551CE0 /* LaunchScreen.storyboard */,
				84FA3BD22882593900551CE0 /* Info.plist */,
			);
			path = RandomColors;
			sourceTree = "<group>";
		};
		84FA3BDA2882593A00551CE0 /* RandomColorsTests */ = {
			isa = PBXGroup;
			children = (
				84FA3BDB2882593A00551CE0 /* RandomColorsTests.swift */,
			);
			path = RandomColorsTests;
			sourceTree = "<group>";
		};
		84FA3BE42882593A00551CE0 /* RandomColorsUITests */ = {
			isa = PBXGroup;
			children = (
				84FA3BE52882593A00551CE0 /* RandomColorsUITests.swift */,
				84FA3BE72882593A00551CE0 /* RandomColorsUITestsLaunchTests.swift */,
			);
			path = RandomColorsUITests;
			sourceTree = "<group>";
		};
/* End PBXGroup section */

/* Begin PBXNativeTarget section */
		84FA3BC02882593400551CE0 /* RandomColors */ = {
			isa = PBXNativeTarget;
			buildConfigurationList = 84FA3BEB2882593A00551CE0 /* Build configuration list for PBXNativeTarget "RandomColors" */;
			buildPhases = (
				84FA3BBD2882593400551CE0 /* Sources */,
				84FA3BBE2882593400551CE0 /* Frameworks */,
				84FA3BBF2882593400551CE0 /* Resources */,
			);
			buildRules = (
			);
			dependencies = (
			);
			name = RandomColors;
			productName = RandomColors;
			productReference = 84FA3BC12882593400551CE0 /* RandomColors.app */;
			productType = "com.apple.product-type.application";
		};
		84FA3BD62882593A00551CE0 /* RandomColorsTests */ = {
			isa = PBXNativeTarget;
			buildConfigurationList = 84FA3BEE2882593A00551CE0 /* Build configuration list for PBXNativeTarget "RandomColorsTests" */;
			buildPhases = (
				84FA3BD32882593A00551CE0 /* Sources */,
				84FA3BD42882593A00551CE0 /* Frameworks */,
				84FA3BD52882593A00551CE0 /* Resources */,
			);
			buildRules = (
			);
			dependencies = (
				84FA3BD92882593A00551CE0 /* PBXTargetDependency */,
			);
			name = RandomColorsTests;
			productName = RandomColorsTests;
			productReference = 84FA3BD72882593A00551CE0 /* RandomColorsTests.xctest */;
			productType = "com.apple.product-type.bundle.unit-test";
		};
		84FA3BE02882593A00551CE0 /* RandomColorsUITests */ = {
			isa = PBXNativeTarget;
			buildConfigurationList = 84FA3BF12882593A00551CE0 /* Build configuration list for PBXNativeTarget "RandomColorsUITests" */;
			buildPhases = (
				84FA3BDD2882593A00551CE0 /* Sources */,
				84FA3BDE2882593A00551CE0 /* Frameworks */,
				84FA3BDF2882593A00551CE0 /* Resources */,
			);
			buildRules = (
			);
			dependencies = (
				84FA3BE32882593A00551CE0 /* PBXTargetDependency */,
			);
			name = RandomColorsUITests;
			productName = RandomColorsUITests;
			productReference = 84FA3BE12882593A00551CE0 /* RandomColorsUITests.xctest */;
			productType = "com.apple.product-type.bundle.ui-testing";
		};
/* End PBXNativeTarget section */

/* Begin PBXProject section */
		84FA3BB92882593400551CE0 /* Project object */ = {
			isa = PBXProject;
			attributes = {
				BuildIndependentTargetsInParallel = 1;
				LastSwiftUpdateCheck = 1340;
				LastUpgradeCheck = 1340;
				TargetAttributes = {
					84FA3BC02882593400551CE0 = {
						CreatedOnToolsVersion = 13.4.1;
					};
					84FA3BD62882593A00551CE0 = {
						CreatedOnToolsVersion = 13.4.1;
						TestTargetID = 84FA3BC02882593400551CE0;
					};
					84FA3BE02882593A00551CE0 = {
						CreatedOnToolsVersion = 13.4.1;
						TestTargetID = 84FA3BC02882593400551CE0;
					};
				};
			};
			buildConfigurationList = 84FA3BBC2882593400551CE0 /* Build configuration list for PBXProject "RandomColors" */;
			compatibilityVersion = "Xcode 13.0";
			developmentRegion = en;
			hasScannedForEncodings = 0;
			knownRegions = (
				en,
				Base,
			);
			mainGroup = 84FA3BB82882593400551CE0;
			productRefGroup = 84FA3BC22882593400551CE0 /* Products */;
			projectDirPath = "";
			projectRoot = "";
			targets = (
				84FA3BC02882593400551CE0 /* RandomColors */,
				84FA3BD62882593A00551CE0 /* RandomColorsTests */,
				84FA3BE02882593A00551CE0 /* RandomColorsUITests */,
			);
		};
/* End PBXProject section */

/* Begin PBXResourcesBuildPhase section */
		84FA3BBF2882593400551CE0 /* Resources */ = {
			isa = PBXResourcesBuildPhase;
			buildActionMask = 2147483647;
			files = (
				84FA3BD12882593900551CE0 /* LaunchScreen.storyboard in Resources */,
				84FA3BCE2882593900551CE0 /* Assets.xcassets in Resources */,
				84FA3BCC2882593400551CE0 /* Main.storyboard in Resources */,
			);
			runOnlyForDeploymentPostprocessing = 0;
		};
		84FA3BD52882593A00551CE0 /* Resources */ = {
			isa = PBXResourcesBuildPhase;
			buildActionMask = 2147483647;
			files = (
			);
			runOnlyForDeploymentPostprocessing = 0;
		};
		84FA3BDF2882593A00551CE0 /* Resources */ = {
			isa = PBXResourcesBuildPhase;
			buildActionMask = 2147483647;
			files = (
			);
			runOnlyForDeploymentPostprocessing = 0;
		};
/* End PBXResourcesBuildPhase section */

/* Begin PBXSourcesBuildPhase section */
		84FA3BBD2882593400551CE0 /* Sources */ = {
			isa = PBXSourcesBuildPhase;
			buildActionMask = 2147483647;
			files = (
				84FA3BF728825EA000551CE0 /* ColorsTableVC.swift in Sources */,
				84FA3BF92882617600551CE0 /* ColorsDetailsVC.swift in Sources */,
				84FE5E3728832EEB0012C334 /* UIColor+Ext.swift in Sources */,
				84FA3BC52882593400551CE0 /* AppDelegate.swift in Sources */,
				84FA3BC72882593400551CE0 /* SceneDelegate.swift in Sources */,
			);
			runOnlyForDeploymentPostprocessing = 0;
		};
		84FA3BD32882593A00551CE0 /* Sources */ = {
			isa = PBXSourcesBuildPhase;
			buildActionMask = 2147483647;
			files = (
				84FA3BDC2882593A00551CE0 /* RandomColorsTests.swift in Sources */,
			);
			runOnlyForDeploymentPostprocessing = 0;
		};
		84FA3BDD2882593A00551CE0 /* Sources */ = {
			isa = PBXSourcesBuildPhase;
			buildActionMask = 2147483647;
			files = (
				84FA3BE62882593A00551CE0 /* RandomColorsUITests.swift in Sources */,
				84FA3BE82882593A00551CE0 /* RandomColorsUITestsLaunchTests.swift in Sources */,
			);
			runOnlyForDeploymentPostprocessing = 0;
		};
/* End PBXSourcesBuildPhase section */

/* Begin PBXTargetDependency section */
		84FA3BD92882593A00551CE0 /* PBXTargetDependency */ = {
			isa = PBXTargetDependency;
			target = 84FA3BC02882593400551CE0 /* RandomColors */;
			targetProxy = 84FA3BD82882593A00551CE0 /* PBXContainerItemProxy */;
		};
		84FA3BE32882593A00551CE0 /* PBXTargetDependency */ = {
			isa = PBXTargetDependency;
			target = 84FA3BC02882593400551CE0 /* RandomColors */;
			targetProxy = 84FA3BE22882593A00551CE0 /* PBXContainerItemProxy */;
		};
/* End PBXTargetDependency section */

/* Begin PBXVariantGroup section */
		84FA3BCA2882593400551CE0 /* Main.storyboard */ = {
			isa = PBXVariantGroup;
			children = (
				84FA3BCB2882593400551CE0 /* Base */,
			);
			name = Main.storyboard;
			sourceTree = "<group>";
		};
		84FA3BCF2882593900551CE0 /* LaunchScreen.storyboard */ = {
			isa = PBXVariantGroup;
			children = (
				84FA3BD02882593900551CE0 /* Base */,
			);
			name = LaunchScreen.storyboard;
			sourceTree = "<group>";
		};
/* End PBXVariantGroup section */

/* Begin XCBuildConfiguration section */
		84FA3BE92882593A00551CE0 /* Debug */ = {
			isa = XCBuildConfiguration;
			buildSettings = {
				ALWAYS_SEARCH_USER_PATHS = NO;
				CLANG_ANALYZER_NONNULL = YES;
				CLANG_ANALYZER_NUMBER_OBJECT_CONVERSION = YES_AGGRESSIVE;
				CLANG_CXX_LANGUAGE_STANDARD = "gnu++17";
				CLANG_ENABLE_MODULES = YES;
				CLANG_ENABLE_OBJC_ARC = YES;
				CLANG_ENABLE_OBJC_WEAK = YES;
				CLANG_WARN_BLOCK_CAPTURE_AUTORELEASING = YES;
				CLANG_WARN_BOOL_CONVERSION = YES;
				CLANG_WARN_COMMA = YES;
				CLANG_WARN_CONSTANT_CONVERSION = YES;
				CLANG_WARN_DEPRECATED_OBJC_IMPLEMENTATIONS = YES;
				CLANG_WARN_DIRECT_OBJC_ISA_USAGE = YES_ERROR;
				CLANG_WARN_DOCUMENTATION_COMMENTS = YES;
				CLANG_WARN_EMPTY_BODY = YES;
				CLANG_WARN_ENUM_CONVERSION = YES;
				CLANG_WARN_INFINITE_RECURSION = YES;
				CLANG_WARN_INT_CONVERSION = YES;
				CLANG_WARN_NON_LITERAL_NULL_CONVERSION = YES;
				CLANG_WARN_OBJC_IMPLICIT_RETAIN_SELF = YES;
				CLANG_WARN_OBJC_LITERAL_CONVERSION = YES;
				CLANG_WARN_OBJC_ROOT_CLASS = YES_ERROR;
				CLANG_WARN_QUOTED_INCLUDE_IN_FRAMEWORK_HEADER = YES;
				CLANG_WARN_RANGE_LOOP_ANALYSIS = YES;
				CLANG_WARN_STRICT_PROTOTYPES = YES;
				CLANG_WARN_SUSPICIOUS_MOVE = YES;
				CLANG_WARN_UNGUARDED_AVAILABILITY = YES_AGGRESSIVE;
				CLANG_WARN_UNREACHABLE_CODE = YES;
				CLANG_WARN__DUPLICATE_METHOD_MATCH = YES;
				COPY_PHASE_STRIP = NO;
				DEBUG_INFORMATION_FORMAT = dwarf;
				ENABLE_STRICT_OBJC_MSGSEND = YES;
				ENABLE_TESTABILITY = YES;
				GCC_C_LANGUAGE_STANDARD = gnu11;
				GCC_DYNAMIC_NO_PIC = NO;
				GCC_NO_COMMON_BLOCKS = YES;
				GCC_OPTIMIZATION_LEVEL = 0;
				GCC_PREPROCESSOR_DEFINITIONS = (
					"DEBUG=1",
					"$(inherited)",
				);
				GCC_WARN_64_TO_32_BIT_CONVERSION = YES;
				GCC_WARN_ABOUT_RETURN_TYPE = YES_ERROR;
				GCC_WARN_UNDECLARED_SELECTOR = YES;
				GCC_WARN_UNINITIALIZED_AUTOS = YES_AGGRESSIVE;
				GCC_WARN_UNUSED_FUNCTION = YES;
				GCC_WARN_UNUSED_VARIABLE = YES;
				IPHONEOS_DEPLOYMENT_TARGET = 15.5;
				MTL_ENABLE_DEBUG_INFO = INCLUDE_SOURCE;
				MTL_FAST_MATH = YES;
				ONLY_ACTIVE_ARCH = YES;
				SDKROOT = iphoneos;
				SWIFT_ACTIVE_COMPILATION_CONDITIONS = DEBUG;
				SWIFT_OPTIMIZATION_LEVEL = "-Onone";
			};
			name = Debug;
		};
		84FA3BEA2882593A00551CE0 /* Release */ = {
			isa = XCBuildConfiguration;
			buildSettings = {
				ALWAYS_SEARCH_USER_PATHS = NO;
				CLANG_ANALYZER_NONNULL = YES;
				CLANG_ANALYZER_NUMBER_OBJECT_CONVERSION = YES_AGGRESSIVE;
				CLANG_CXX_LANGUAGE_STANDARD = "gnu++17";
				CLANG_ENABLE_MODULES = YES;
				CLANG_ENABLE_OBJC_ARC = YES;
				CLANG_ENABLE_OBJC_WEAK = YES;
				CLANG_WARN_BLOCK_CAPTURE_AUTORELEASING = YES;
				CLANG_WARN_BOOL_CONVERSION = YES;
				CLANG_WARN_COMMA = YES;
				CLANG_WARN_CONSTANT_CONVERSION = YES;
				CLANG_WARN_DEPRECATED_OBJC_IMPLEMENTATIONS = YES;
				CLANG_WARN_DIRECT_OBJC_ISA_USAGE = YES_ERROR;
				CLANG_WARN_DOCUMENTATION_COMMENTS = YES;
				CLANG_WARN_EMPTY_BODY = YES;
				CLANG_WARN_ENUM_CONVERSION = YES;
				CLANG_WARN_INFINITE_RECURSION = YES;
				CLANG_WARN_INT_CONVERSION = YES;
				CLANG_WARN_NON_LITERAL_NULL_CONVERSION = YES;
				CLANG_WARN_OBJC_IMPLICIT_RETAIN_SELF = YES;
				CLANG_WARN_OBJC_LITERAL_CONVERSION = YES;
				CLANG_WARN_OBJC_ROOT_CLASS = YES_ERROR;
				CLANG_WARN_QUOTED_INCLUDE_IN_FRAMEWORK_HEADER = YES;
				CLANG_WARN_RANGE_LOOP_ANALYSIS = YES;
				CLANG_WARN_STRICT_PROTOTYPES = YES;
				CLANG_WARN_SUSPICIOUS_MOVE = YES;
				CLANG_WARN_UNGUARDED_AVAILABILITY = YES_AGGRESSIVE;
				CLANG_WARN_UNREACHABLE_CODE = YES;
				CLANG_WARN__DUPLICATE_METHOD_MATCH = YES;
				COPY_PHASE_STRIP = NO;
				DEBUG_INFORMATION_FORMAT = "dwarf-with-dsym";
				ENABLE_NS_ASSERTIONS = NO;
				ENABLE_STRICT_OBJC_MSGSEND = YES;
				GCC_C_LANGUAGE_STANDARD = gnu11;
				GCC_NO_COMMON_BLOCKS = YES;
				GCC_WARN_64_TO_32_BIT_CONVERSION = YES;
				GCC_WARN_ABOUT_RETURN_TYPE = YES_ERROR;
				GCC_WARN_UNDECLARED_SELECTOR = YES;
				GCC_WARN_UNINITIALIZED_AUTOS = YES_AGGRESSIVE;
				GCC_WARN_UNUSED_FUNCTION = YES;
				GCC_WARN_UNUSED_VARIABLE = YES;
				IPHONEOS_DEPLOYMENT_TARGET = 15.5;
				MTL_ENABLE_DEBUG_INFO = NO;
				MTL_FAST_MATH = YES;
				SDKROOT = iphoneos;
				SWIFT_COMPILATION_MODE = wholemodule;
				SWIFT_OPTIMIZATION_LEVEL = "-O";
				VALIDATE_PRODUCT = YES;
			};
			name = Release;
		};
		84FA3BEC2882593A00551CE0 /* Debug */ = {
			isa = XCBuildConfiguration;
			buildSettings = {
				ASSETCATALOG_COMPILER_APPICON_NAME = AppIcon;
				ASSETCATALOG_COMPILER_GLOBAL_ACCENT_COLOR_NAME = AccentColor;
				CODE_SIGN_STYLE = Automatic;
				CURRENT_PROJECT_VERSION = 1;
				DEVELOPMENT_TEAM = 34ZY4UYRXV;
				GENERATE_INFOPLIST_FILE = YES;
				INFOPLIST_FILE = RandomColors/Info.plist;
				INFOPLIST_KEY_UIApplicationSupportsIndirectInputEvents = YES;
				INFOPLIST_KEY_UILaunchStoryboardName = LaunchScreen;
				INFOPLIST_KEY_UIMainStoryboardFile = Main;
				INFOPLIST_KEY_UISupportedInterfaceOrientations_iPad = "UIInterfaceOrientationPortrait UIInterfaceOrientationPortraitUpsideDown UIInterfaceOrientationLandscapeLeft UIInterfaceOrientationLandscapeRight";
				INFOPLIST_KEY_UISupportedInterfaceOrientations_iPhone = "UIInterfaceOrientationPortrait UIInterfaceOrientationLandscapeLeft UIInterfaceOrientationLandscapeRight";
				LD_RUNPATH_SEARCH_PATHS = (
					"$(inherited)",
					"@executable_path/Frameworks",
				);
				MARKETING_VERSION = 1.0;
				PRODUCT_BUNDLE_IDENTIFIER = com.bridgelabz.RandomColors;
				PRODUCT_NAME = "$(TARGET_NAME)";
				SWIFT_EMIT_LOC_STRINGS = YES;
				SWIFT_VERSION = 5.0;
				TARGETED_DEVICE_FAMILY = "1,2";
			};
			name = Debug;
		};
		84FA3BED2882593A00551CE0 /* Release */ = {
			isa = XCBuildConfiguration;
			buildSettings = {
				ASSETCATALOG_COMPILER_APPICON_NAME = AppIcon;
				ASSETCATALOG_COMPILER_GLOBAL_ACCENT_COLOR_NAME = AccentColor;
				CODE_SIGN_STYLE = Automatic;
				CURRENT_PROJECT_VERSION = 1;
				DEVELOPMENT_TEAM = 34ZY4UYRXV;
				GENERATE_INFOPLIST_FILE = YES;
				INFOPLIST_FILE = RandomColors/Info.plist;
				INFOPLIST_KEY_UIApplicationSupportsIndirectInputEvents = YES;
				INFOPLIST_KEY_UILaunchStoryboardName = LaunchScreen;
				INFOPLIST_KEY_UIMainStoryboardFile = Main;
				INFOPLIST_KEY_UISupportedInterfaceOrientations_iPad = "UIInterfaceOrientationPortrait UIInterfaceOrientationPortraitUpsideDown UIInterfaceOrientationLandscapeLeft UIInterfaceOrientationLandscapeRight";
				INFOPLIST_KEY_UISupportedInterfaceOrientations_iPhone = "UIInterfaceOrientationPortrait UIInterfaceOrientationLandscapeLeft UIInterfaceOrientationLandscapeRight";
				LD_RUNPATH_SEARCH_PATHS = (
					"$(inherited)",
					"@executable_path/Frameworks",
				);
				MARKETING_VERSION = 1.0;
				PRODUCT_BUNDLE_IDENTIFIER = com.bridgelabz.RandomColors;
				PRODUCT_NAME = "$(TARGET_NAME)";
				SWIFT_EMIT_LOC_STRINGS = YES;
				SWIFT_VERSION = 5.0;
				TARGETED_DEVICE_FAMILY = "1,2";
			};
			name = Release;
		};
		84FA3BEF2882593A00551CE0 /* Debug */ = {
			isa = XCBuildConfiguration;
			buildSettings = {
				ALWAYS_EMBED_SWIFT_STANDARD_LIBRARIES = YES;
				BUNDLE_LOADER = "$(TEST_HOST)";
				CODE_SIGN_STYLE = Automatic;
				CURRENT_PROJECT_VERSION = 1;
				DEVELOPMENT_TEAM = 34ZY4UYRXV;
				GENERATE_INFOPLIST_FILE = YES;
				IPHONEOS_DEPLOYMENT_TARGET = 15.5;
				MARKETING_VERSION = 1.0;
				PRODUCT_BUNDLE_IDENTIFIER = com.bridgelabz.RandomColorsTests;
				PRODUCT_NAME = "$(TARGET_NAME)";
				SWIFT_EMIT_LOC_STRINGS = NO;
				SWIFT_VERSION = 5.0;
				TARGETED_DEVICE_FAMILY = "1,2";
				TEST_HOST = "$(BUILT_PRODUCTS_DIR)/RandomColors.app/RandomColors";
			};
			name = Debug;
		};
		84FA3BF02882593A00551CE0 /* Release */ = {
			isa = XCBuildConfiguration;
			buildSettings = {
				ALWAYS_EMBED_SWIFT_STANDARD_LIBRARIES = YES;
				BUNDLE_LOADER = "$(TEST_HOST)";
				CODE_SIGN_STYLE = Automatic;
				CURRENT_PROJECT_VERSION = 1;
				DEVELOPMENT_TEAM = 34ZY4UYRXV;
				GENERATE_INFOPLIST_FILE = YES;
				IPHONEOS_DEPLOYMENT_TARGET = 15.5;
				MARKETING_VERSION = 1.0;
				PRODUCT_BUNDLE_IDENTIFIER = com.bridgelabz.RandomColorsTests;
				PRODUCT_NAME = "$(TARGET_NAME)";
				SWIFT_EMIT_LOC_STRINGS = NO;
				SWIFT_VERSION = 5.0;
				TARGETED_DEVICE_FAMILY = "1,2";
				TEST_HOST = "$(BUILT_PRODUCTS_DIR)/RandomColors.app/RandomColors";
			};
			name = Release;
		};
		84FA3BF22882593A00551CE0 /* Debug */ = {
			isa = XCBuildConfiguration;
			buildSettings = {
				ALWAYS_EMBED_SWIFT_STANDARD_LIBRARIES = YES;
				CODE_SIGN_STYLE = Automatic;
				CURRENT_PROJECT_VERSION = 1;
				DEVELOPMENT_TEAM = 34ZY4UYRXV;
				GENERATE_INFOPLIST_FILE = YES;
				MARKETING_VERSION = 1.0;
				PRODUCT_BUNDLE_IDENTIFIER = com.bridgelabz.RandomColorsUITests;
				PRODUCT_NAME = "$(TARGET_NAME)";
				SWIFT_EMIT_LOC_STRINGS = NO;
				SWIFT_VERSION = 5.0;
				TARGETED_DEVICE_FAMILY = "1,2";
				TEST_TARGET_NAME = RandomColors;
			};
			name = Debug;
		};
		84FA3BF32882593A00551CE0 /* Release */ = {
			isa = XCBuildConfiguration;
			buildSettings = {
				ALWAYS_EMBED_SWIFT_STANDARD_LIBRARIES = YES;
				CODE_SIGN_STYLE = Automatic;
				CURRENT_PROJECT_VERSION = 1;
				DEVELOPMENT_TEAM = 34ZY4UYRXV;
				GENERATE_INFOPLIST_FILE = YES;
				MARKETING_VERSION = 1.0;
				PRODUCT_BUNDLE_IDENTIFIER = com.bridgelabz.RandomColorsUITests;
				PRODUCT_NAME = "$(TARGET_NAME)";
				SWIFT_EMIT_LOC_STRINGS = NO;
				SWIFT_VERSION = 5.0;
				TARGETED_DEVICE_FAMILY = "1,2";
				TEST_TARGET_NAME = RandomColors;
			};
			name = Release;
		};
/* End XCBuildConfiguration section */

/* Begin XCConfigurationList section */
		84FA3BBC2882593400551CE0 /* Build configuration list for PBXProject "RandomColors" */ = {
			isa = XCConfigurationList;
			buildConfigurations = (
				84FA3BE92882593A00551CE0 /* Debug */,
				84FA3BEA2882593A00551CE0 /* Release */,
			);
			defaultConfigurationIsVisible = 0;
			defaultConfigurationName = Release;
		};
		84FA3BEB2882593A00551CE0 /* Build configuration list for PBXNativeTarget "RandomColors" */ = {
			isa = XCConfigurationList;
			buildConfigurations = (
				84FA3BEC2882593A00551CE0 /* Debug */,
				84FA3BED2882593A00551CE0 /* Release */,
			);
			defaultConfigurationIsVisible = 0;
			defaultConfigurationName = Release;
		};
		84FA3BEE2882593A00551CE0 /* Build configuration list for PBXNativeTarget "RandomColorsTests" */ = {
			isa = XCConfigurationList;
			buildConfigurations = (
				84FA3BEF2882593A00551CE0 /* Debug */,
				84FA3BF02882593A00551CE0 /* Release */,
			);
			defaultConfigurationIsVisible = 0;
			defaultConfigurationName = Release;
		};
		84FA3BF12882593A00551CE0 /* Build configuration list for PBXNativeTarget "RandomColorsUITests" */ = {
			isa = XCConfigurationList;
			buildConfigurations = (
				84FA3BF22882593A00551CE0 /* Debug */,
				84FA3BF32882593A00551CE0 /* Release */,
			);
			defaultConfigurationIsVisible = 0;
			defaultConfigurationName = Release;
		};
/* End XCConfigurationList section */
	};
	rootObject = 84FA3BB92882593400551CE0 /* Project object */;
}
